// !$*UTF8*$!
{
	archiveVersion = 1;
	classes = {
	};
	objectVersion = 50;
	objects = {

/* Begin PBXBuildFile section */
		A304D1C920ED239C002ACD9E /* AppDelegate.swift in Sources */ = {isa = PBXBuildFile; fileRef = A304D1C820ED239C002ACD9E /* AppDelegate.swift */; };
		A304D1CB20ED239C002ACD9E /* ViewController.swift in Sources */ = {isa = PBXBuildFile; fileRef = A304D1CA20ED239C002ACD9E /* ViewController.swift */; };
		A304D1D020ED23A1002ACD9E /* Assets.xcassets in Resources */ = {isa = PBXBuildFile; fileRef = A304D1CF20ED23A1002ACD9E /* Assets.xcassets */; };
		A304D1D320ED23A1002ACD9E /* LaunchScreen.storyboard in Resources */ = {isa = PBXBuildFile; fileRef = A304D1D120ED23A1002ACD9E /* LaunchScreen.storyboard */; };
		A3465E1D2217006C00509246 /* GridViewCell.swift in Sources */ = {isa = PBXBuildFile; fileRef = A3465E1C2217006C00509246 /* GridViewCell.swift */; };
		A381750120EE1D9E00611B03 /* ACKImagePicker.h in Headers */ = {isa = PBXBuildFile; fileRef = A38174FF20EE1D9E00611B03 /* ACKImagePicker.h */; settings = {ATTRIBUTES = (Public, ); }; };
		A381750420EE1D9E00611B03 /* ACKImagePicker.framework in Frameworks */ = {isa = PBXBuildFile; fileRef = A38174FD20EE1D9E00611B03 /* ACKImagePicker.framework */; };
		A381750620EE1D9E00611B03 /* ACKImagePicker.framework in Embed Frameworks */ = {isa = PBXBuildFile; fileRef = A38174FD20EE1D9E00611B03 /* ACKImagePicker.framework */; settings = {ATTRIBUTES = (CodeSignOnCopy, RemoveHeadersOnCopy, ); }; };
		A381750D20EE1DCA00611B03 /* LocalizationStrings.swift in Sources */ = {isa = PBXBuildFile; fileRef = A3F0D75420EE1814004DB2C9 /* LocalizationStrings.swift */; };
		A381750E20EE1DCA00611B03 /* AssetViewModel.swift in Sources */ = {isa = PBXBuildFile; fileRef = A3F0D75220EE0EC8004DB2C9 /* AssetViewModel.swift */; };
		A38D34A922144A370016AB9A /* ImagePickerViewController.swift in Sources */ = {isa = PBXBuildFile; fileRef = A38D34A822144A370016AB9A /* ImagePickerViewController.swift */; };
		A38D34AD221459310016AB9A /* UIViewExtensions.swift in Sources */ = {isa = PBXBuildFile; fileRef = A38D34AC221459310016AB9A /* UIViewExtensions.swift */; };
		A38D34AF22145B9C0016AB9A /* ACKCollectionViewController.swift in Sources */ = {isa = PBXBuildFile; fileRef = A38D34AE22145B9C0016AB9A /* ACKCollectionViewController.swift */; };
		A38D34B222147ABE0016AB9A /* PhotosViewController.swift in Sources */ = {isa = PBXBuildFile; fileRef = A304D1DA20ED24F9002ACD9E /* PhotosViewController.swift */; };
		A38D34B322147AC70016AB9A /* AssetCollectionViewCell.swift in Sources */ = {isa = PBXBuildFile; fileRef = A3F0D74F20EDEC6C004DB2C9 /* AssetCollectionViewCell.swift */; };
		A38D34B522147AD60016AB9A /* ACKPhotosViewController.swift in Sources */ = {isa = PBXBuildFile; fileRef = A38D34B422147AD60016AB9A /* ACKPhotosViewController.swift */; };
		A3C170F42215CFDE004F53D8 /* PHCollectionListExtensions.swift in Sources */ = {isa = PBXBuildFile; fileRef = A3C170F32215CFDE004F53D8 /* PHCollectionListExtensions.swift */; };
/* End PBXBuildFile section */

/* Begin PBXContainerItemProxy section */
		A381750220EE1D9E00611B03 /* PBXContainerItemProxy */ = {
			isa = PBXContainerItemProxy;
			containerPortal = A304D1BD20ED239C002ACD9E /* Project object */;
			proxyType = 1;
			remoteGlobalIDString = A38174FC20EE1D9E00611B03;
			remoteInfo = ACKImagePicker;
		};
/* End PBXContainerItemProxy section */

/* Begin PBXCopyFilesBuildPhase section */
		A381750520EE1D9E00611B03 /* Embed Frameworks */ = {
			isa = PBXCopyFilesBuildPhase;
			buildActionMask = 2147483647;
			dstPath = "";
			dstSubfolderSpec = 10;
			files = (
				A381750620EE1D9E00611B03 /* ACKImagePicker.framework in Embed Frameworks */,
			);
			name = "Embed Frameworks";
			runOnlyForDeploymentPostprocessing = 0;
		};
/* End PBXCopyFilesBuildPhase section */

/* Begin PBXFileReference section */
		A304D1C520ED239C002ACD9E /* ACKImagePickerExample.app */ = {isa = PBXFileReference; explicitFileType = wrapper.application; includeInIndex = 0; path = ACKImagePickerExample.app; sourceTree = BUILT_PRODUCTS_DIR; };
		A304D1C820ED239C002ACD9E /* AppDelegate.swift */ = {isa = PBXFileReference; lastKnownFileType = sourcecode.swift; path = AppDelegate.swift; sourceTree = "<group>"; };
		A304D1CA20ED239C002ACD9E /* ViewController.swift */ = {isa = PBXFileReference; lastKnownFileType = sourcecode.swift; path = ViewController.swift; sourceTree = "<group>"; };
		A304D1CF20ED23A1002ACD9E /* Assets.xcassets */ = {isa = PBXFileReference; lastKnownFileType = folder.assetcatalog; path = Assets.xcassets; sourceTree = "<group>"; };
		A304D1D220ED23A1002ACD9E /* Base */ = {isa = PBXFileReference; lastKnownFileType = file.storyboard; name = Base; path = Base.lproj/LaunchScreen.storyboard; sourceTree = "<group>"; };
		A304D1D420ED23A1002ACD9E /* Info.plist */ = {isa = PBXFileReference; lastKnownFileType = text.plist.xml; path = Info.plist; sourceTree = "<group>"; };
		A304D1DA20ED24F9002ACD9E /* PhotosViewController.swift */ = {isa = PBXFileReference; lastKnownFileType = sourcecode.swift; path = PhotosViewController.swift; sourceTree = "<group>"; };
		A3465E1C2217006C00509246 /* GridViewCell.swift */ = {isa = PBXFileReference; lastKnownFileType = sourcecode.swift; path = GridViewCell.swift; sourceTree = "<group>"; };
		A38174FD20EE1D9E00611B03 /* ACKImagePicker.framework */ = {isa = PBXFileReference; explicitFileType = wrapper.framework; includeInIndex = 0; path = ACKImagePicker.framework; sourceTree = BUILT_PRODUCTS_DIR; };
		A38174FF20EE1D9E00611B03 /* ACKImagePicker.h */ = {isa = PBXFileReference; lastKnownFileType = sourcecode.c.h; path = ACKImagePicker.h; sourceTree = "<group>"; };
		A381750020EE1D9E00611B03 /* Info.plist */ = {isa = PBXFileReference; lastKnownFileType = text.plist.xml; path = Info.plist; sourceTree = "<group>"; };
		A38D34A822144A370016AB9A /* ImagePickerViewController.swift */ = {isa = PBXFileReference; lastKnownFileType = sourcecode.swift; path = ImagePickerViewController.swift; sourceTree = "<group>"; };
		A38D34AC221459310016AB9A /* UIViewExtensions.swift */ = {isa = PBXFileReference; lastKnownFileType = sourcecode.swift; path = UIViewExtensions.swift; sourceTree = "<group>"; };
		A38D34AE22145B9C0016AB9A /* ACKCollectionViewController.swift */ = {isa = PBXFileReference; lastKnownFileType = sourcecode.swift; path = ACKCollectionViewController.swift; sourceTree = "<group>"; };
		A38D34B422147AD60016AB9A /* ACKPhotosViewController.swift */ = {isa = PBXFileReference; lastKnownFileType = sourcecode.swift; path = ACKPhotosViewController.swift; sourceTree = "<group>"; };
		A3C170F32215CFDE004F53D8 /* PHCollectionListExtensions.swift */ = {isa = PBXFileReference; lastKnownFileType = sourcecode.swift; path = PHCollectionListExtensions.swift; sourceTree = "<group>"; };
		A3F0D74F20EDEC6C004DB2C9 /* AssetCollectionViewCell.swift */ = {isa = PBXFileReference; lastKnownFileType = sourcecode.swift; path = AssetCollectionViewCell.swift; sourceTree = "<group>"; };
		A3F0D75220EE0EC8004DB2C9 /* AssetViewModel.swift */ = {isa = PBXFileReference; lastKnownFileType = sourcecode.swift; path = AssetViewModel.swift; sourceTree = "<group>"; };
		A3F0D75420EE1814004DB2C9 /* LocalizationStrings.swift */ = {isa = PBXFileReference; lastKnownFileType = sourcecode.swift; path = LocalizationStrings.swift; sourceTree = "<group>"; };
/* End PBXFileReference section */

/* Begin PBXFrameworksBuildPhase section */
		A304D1C220ED239C002ACD9E /* Frameworks */ = {
			isa = PBXFrameworksBuildPhase;
			buildActionMask = 2147483647;
			files = (
				A381750420EE1D9E00611B03 /* ACKImagePicker.framework in Frameworks */,
			);
			runOnlyForDeploymentPostprocessing = 0;
		};
		A38174F920EE1D9E00611B03 /* Frameworks */ = {
			isa = PBXFrameworksBuildPhase;
			buildActionMask = 2147483647;
			files = (
			);
			runOnlyForDeploymentPostprocessing = 0;
		};
/* End PBXFrameworksBuildPhase section */

/* Begin PBXGroup section */
		A304D1BC20ED239C002ACD9E = {
			isa = PBXGroup;
			children = (
				A304D1C720ED239C002ACD9E /* ACKImagePickerExample */,
				A38174FE20EE1D9E00611B03 /* ACKImagePicker */,
				A304D1C620ED239C002ACD9E /* Products */,
				A304D1DC20ED25D2002ACD9E /* Frameworks */,
			);
			sourceTree = "<group>";
		};
		A304D1C620ED239C002ACD9E /* Products */ = {
			isa = PBXGroup;
			children = (
				A304D1C520ED239C002ACD9E /* ACKImagePickerExample.app */,
				A38174FD20EE1D9E00611B03 /* ACKImagePicker.framework */,
			);
			name = Products;
			sourceTree = "<group>";
		};
		A304D1C720ED239C002ACD9E /* ACKImagePickerExample */ = {
			isa = PBXGroup;
			children = (
				A3C170F32215CFDE004F53D8 /* PHCollectionListExtensions.swift */,
				A3465E1C2217006C00509246 /* GridViewCell.swift */,
				A38D34B422147AD60016AB9A /* ACKPhotosViewController.swift */,
				A304D1C820ED239C002ACD9E /* AppDelegate.swift */,
				A304D1CA20ED239C002ACD9E /* ViewController.swift */,
				A38D34A822144A370016AB9A /* ImagePickerViewController.swift */,
				A38D34AE22145B9C0016AB9A /* ACKCollectionViewController.swift */,
				A38D34AC221459310016AB9A /* UIViewExtensions.swift */,
				A304D1CF20ED23A1002ACD9E /* Assets.xcassets */,
				A304D1D120ED23A1002ACD9E /* LaunchScreen.storyboard */,
				A304D1D420ED23A1002ACD9E /* Info.plist */,
			);
			path = ACKImagePickerExample;
			sourceTree = "<group>";
		};
		A304D1DC20ED25D2002ACD9E /* Frameworks */ = {
			isa = PBXGroup;
			children = (
			);
			name = Frameworks;
			sourceTree = "<group>";
		};
		A38174FE20EE1D9E00611B03 /* ACKImagePicker */ = {
			isa = PBXGroup;
			children = (
				A3F0D75420EE1814004DB2C9 /* LocalizationStrings.swift */,
				A3F0D74F20EDEC6C004DB2C9 /* AssetCollectionViewCell.swift */,
				A304D1DA20ED24F9002ACD9E /* PhotosViewController.swift */,
				A3F0D75220EE0EC8004DB2C9 /* AssetViewModel.swift */,
				A38174FF20EE1D9E00611B03 /* ACKImagePicker.h */,
				A381750020EE1D9E00611B03 /* Info.plist */,
			);
			path = ACKImagePicker;
			sourceTree = "<group>";
		};
/* End PBXGroup section */

/* Begin PBXHeadersBuildPhase section */
		A38174FA20EE1D9E00611B03 /* Headers */ = {
			isa = PBXHeadersBuildPhase;
			buildActionMask = 2147483647;
			files = (
				A381750120EE1D9E00611B03 /* ACKImagePicker.h in Headers */,
			);
			runOnlyForDeploymentPostprocessing = 0;
		};
/* End PBXHeadersBuildPhase section */

/* Begin PBXNativeTarget section */
		A304D1C420ED239C002ACD9E /* ACKImagePickerExample */ = {
			isa = PBXNativeTarget;
			buildConfigurationList = A304D1D720ED23A1002ACD9E /* Build configuration list for PBXNativeTarget "ACKImagePickerExample" */;
			buildPhases = (
				A304D1C120ED239C002ACD9E /* Sources */,
				A304D1C220ED239C002ACD9E /* Frameworks */,
				A304D1C320ED239C002ACD9E /* Resources */,
				A381750520EE1D9E00611B03 /* Embed Frameworks */,
			);
			buildRules = (
			);
			dependencies = (
				A381750320EE1D9E00611B03 /* PBXTargetDependency */,
			);
			name = ACKImagePickerExample;
			productName = Gallery;
			productReference = A304D1C520ED239C002ACD9E /* ACKImagePickerExample.app */;
			productType = "com.apple.product-type.application";
		};
		A38174FC20EE1D9E00611B03 /* ACKImagePicker */ = {
			isa = PBXNativeTarget;
			buildConfigurationList = A381750920EE1D9E00611B03 /* Build configuration list for PBXNativeTarget "ACKImagePicker" */;
			buildPhases = (
				A38174F820EE1D9E00611B03 /* Sources */,
				A38174F920EE1D9E00611B03 /* Frameworks */,
				A38174FA20EE1D9E00611B03 /* Headers */,
				A38174FB20EE1D9E00611B03 /* Resources */,
			);
			buildRules = (
			);
			dependencies = (
			);
			name = ACKImagePicker;
			productName = ACKImagePicker;
			productReference = A38174FD20EE1D9E00611B03 /* ACKImagePicker.framework */;
			productType = "com.apple.product-type.framework";
		};
/* End PBXNativeTarget section */

/* Begin PBXProject section */
		A304D1BD20ED239C002ACD9E /* Project object */ = {
			isa = PBXProject;
			attributes = {
				LastSwiftUpdateCheck = 0940;
				LastUpgradeCheck = 0940;
				ORGANIZATIONNAME = "Lukáš Hromadník";
				TargetAttributes = {
					A304D1C420ED239C002ACD9E = {
						CreatedOnToolsVersion = 9.4.1;
						LastSwiftMigration = 1010;
					};
					A38174FC20EE1D9E00611B03 = {
						CreatedOnToolsVersion = 9.4.1;
						LastSwiftMigration = 1010;
					};
				};
			};
			buildConfigurationList = A304D1C020ED239C002ACD9E /* Build configuration list for PBXProject "ACKImagePicker" */;
			compatibilityVersion = "Xcode 9.3";
			developmentRegion = en;
			hasScannedForEncodings = 0;
			knownRegions = (
				en,
				Base,
			);
			mainGroup = A304D1BC20ED239C002ACD9E;
			productRefGroup = A304D1C620ED239C002ACD9E /* Products */;
			projectDirPath = "";
			projectRoot = "";
			targets = (
				A304D1C420ED239C002ACD9E /* ACKImagePickerExample */,
				A38174FC20EE1D9E00611B03 /* ACKImagePicker */,
			);
		};
/* End PBXProject section */

/* Begin PBXResourcesBuildPhase section */
		A304D1C320ED239C002ACD9E /* Resources */ = {
			isa = PBXResourcesBuildPhase;
			buildActionMask = 2147483647;
			files = (
				A304D1D320ED23A1002ACD9E /* LaunchScreen.storyboard in Resources */,
				A304D1D020ED23A1002ACD9E /* Assets.xcassets in Resources */,
			);
			runOnlyForDeploymentPostprocessing = 0;
		};
		A38174FB20EE1D9E00611B03 /* Resources */ = {
			isa = PBXResourcesBuildPhase;
			buildActionMask = 2147483647;
			files = (
			);
			runOnlyForDeploymentPostprocessing = 0;
		};
/* End PBXResourcesBuildPhase section */

/* Begin PBXSourcesBuildPhase section */
		A304D1C120ED239C002ACD9E /* Sources */ = {
			isa = PBXSourcesBuildPhase;
			buildActionMask = 2147483647;
			files = (
				A38D34A922144A370016AB9A /* ImagePickerViewController.swift in Sources */,
				A38D34AF22145B9C0016AB9A /* ACKCollectionViewController.swift in Sources */,
				A304D1CB20ED239C002ACD9E /* ViewController.swift in Sources */,
				A38D34B522147AD60016AB9A /* ACKPhotosViewController.swift in Sources */,
				A38D34AD221459310016AB9A /* UIViewExtensions.swift in Sources */,
				A304D1C920ED239C002ACD9E /* AppDelegate.swift in Sources */,
				A3465E1D2217006C00509246 /* GridViewCell.swift in Sources */,
				A3C170F42215CFDE004F53D8 /* PHCollectionListExtensions.swift in Sources */,
			);
			runOnlyForDeploymentPostprocessing = 0;
		};
		A38174F820EE1D9E00611B03 /* Sources */ = {
			isa = PBXSourcesBuildPhase;
			buildActionMask = 2147483647;
			files = (
				A38D34B222147ABE0016AB9A /* PhotosViewController.swift in Sources */,
				A381750D20EE1DCA00611B03 /* LocalizationStrings.swift in Sources */,
				A381750E20EE1DCA00611B03 /* AssetViewModel.swift in Sources */,
				A38D34B322147AC70016AB9A /* AssetCollectionViewCell.swift in Sources */,
			);
			runOnlyForDeploymentPostprocessing = 0;
		};
/* End PBXSourcesBuildPhase section */

/* Begin PBXTargetDependency section */
		A381750320EE1D9E00611B03 /* PBXTargetDependency */ = {
			isa = PBXTargetDependency;
			target = A38174FC20EE1D9E00611B03 /* ACKImagePicker */;
			targetProxy = A381750220EE1D9E00611B03 /* PBXContainerItemProxy */;
		};
/* End PBXTargetDependency section */

/* Begin PBXVariantGroup section */
		A304D1D120ED23A1002ACD9E /* LaunchScreen.storyboard */ = {
			isa = PBXVariantGroup;
			children = (
				A304D1D220ED23A1002ACD9E /* Base */,
			);
			name = LaunchScreen.storyboard;
			sourceTree = "<group>";
		};
/* End PBXVariantGroup section */

/* Begin XCBuildConfiguration section */
		A304D1D520ED23A1002ACD9E /* Debug */ = {
			isa = XCBuildConfiguration;
			buildSettings = {
				ALWAYS_SEARCH_USER_PATHS = NO;
				CLANG_ANALYZER_NONNULL = YES;
				CLANG_ANALYZER_NUMBER_OBJECT_CONVERSION = YES_AGGRESSIVE;
				CLANG_CXX_LANGUAGE_STANDARD = "gnu++14";
				CLANG_CXX_LIBRARY = "libc++";
				CLANG_ENABLE_MODULES = YES;
				CLANG_ENABLE_OBJC_ARC = YES;
				CLANG_ENABLE_OBJC_WEAK = YES;
				CLANG_WARN_BLOCK_CAPTURE_AUTORELEASING = YES;
				CLANG_WARN_BOOL_CONVERSION = YES;
				CLANG_WARN_COMMA = YES;
				CLANG_WARN_CONSTANT_CONVERSION = YES;
				CLANG_WARN_DEPRECATED_OBJC_IMPLEMENTATIONS = YES;
				CLANG_WARN_DIRECT_OBJC_ISA_USAGE = YES_ERROR;
				CLANG_WARN_DOCUMENTATION_COMMENTS = YES;
				CLANG_WARN_EMPTY_BODY = YES;
				CLANG_WARN_ENUM_CONVERSION = YES;
				CLANG_WARN_INFINITE_RECURSION = YES;
				CLANG_WARN_INT_CONVERSION = YES;
				CLANG_WARN_NON_LITERAL_NULL_CONVERSION = YES;
				CLANG_WARN_OBJC_IMPLICIT_RETAIN_SELF = YES;
				CLANG_WARN_OBJC_LITERAL_CONVERSION = YES;
				CLANG_WARN_OBJC_ROOT_CLASS = YES_ERROR;
				CLANG_WARN_RANGE_LOOP_ANALYSIS = YES;
				CLANG_WARN_STRICT_PROTOTYPES = YES;
				CLANG_WARN_SUSPICIOUS_MOVE = YES;
				CLANG_WARN_UNGUARDED_AVAILABILITY = YES_AGGRESSIVE;
				CLANG_WARN_UNREACHABLE_CODE = YES;
				CLANG_WARN__DUPLICATE_METHOD_MATCH = YES;
				CODE_SIGN_IDENTITY = "iPhone Developer";
				COPY_PHASE_STRIP = NO;
				DEBUG_INFORMATION_FORMAT = dwarf;
				ENABLE_STRICT_OBJC_MSGSEND = YES;
				ENABLE_TESTABILITY = YES;
				GCC_C_LANGUAGE_STANDARD = gnu11;
				GCC_DYNAMIC_NO_PIC = NO;
				GCC_NO_COMMON_BLOCKS = YES;
				GCC_OPTIMIZATION_LEVEL = 0;
				GCC_PREPROCESSOR_DEFINITIONS = (
					"DEBUG=1",
					"$(inherited)",
				);
				GCC_WARN_64_TO_32_BIT_CONVERSION = YES;
				GCC_WARN_ABOUT_RETURN_TYPE = YES_ERROR;
				GCC_WARN_UNDECLARED_SELECTOR = YES;
				GCC_WARN_UNINITIALIZED_AUTOS = YES_AGGRESSIVE;
				GCC_WARN_UNUSED_FUNCTION = YES;
				GCC_WARN_UNUSED_VARIABLE = YES;
				IPHONEOS_DEPLOYMENT_TARGET = 11.4;
				MTL_ENABLE_DEBUG_INFO = YES;
				ONLY_ACTIVE_ARCH = YES;
				SDKROOT = iphoneos;
				SWIFT_ACTIVE_COMPILATION_CONDITIONS = DEBUG;
				SWIFT_OPTIMIZATION_LEVEL = "-Onone";
			};
			name = Debug;
		};
		A304D1D620ED23A1002ACD9E /* Release */ = {
			isa = XCBuildConfiguration;
			buildSettings = {
				ALWAYS_SEARCH_USER_PATHS = NO;
				CLANG_ANALYZER_NONNULL = YES;
				CLANG_ANALYZER_NUMBER_OBJECT_CONVERSION = YES_AGGRESSIVE;
				CLANG_CXX_LANGUAGE_STANDARD = "gnu++14";
				CLANG_CXX_LIBRARY = "libc++";
				CLANG_ENABLE_MODULES = YES;
				CLANG_ENABLE_OBJC_ARC = YES;
				CLANG_ENABLE_OBJC_WEAK = YES;
				CLANG_WARN_BLOCK_CAPTURE_AUTORELEASING = YES;
				CLANG_WARN_BOOL_CONVERSION = YES;
				CLANG_WARN_COMMA = YES;
				CLANG_WARN_CONSTANT_CONVERSION = YES;
				CLANG_WARN_DEPRECATED_OBJC_IMPLEMENTATIONS = YES;
				CLANG_WARN_DIRECT_OBJC_ISA_USAGE = YES_ERROR;
				CLANG_WARN_DOCUMENTATION_COMMENTS = YES;
				CLANG_WARN_EMPTY_BODY = YES;
				CLANG_WARN_ENUM_CONVERSION = YES;
				CLANG_WARN_INFINITE_RECURSION = YES;
				CLANG_WARN_INT_CONVERSION = YES;
				CLANG_WARN_NON_LITERAL_NULL_CONVERSION = YES;
				CLANG_WARN_OBJC_IMPLICIT_RETAIN_SELF = YES;
				CLANG_WARN_OBJC_LITERAL_CONVERSION = YES;
				CLANG_WARN_OBJC_ROOT_CLASS = YES_ERROR;
				CLANG_WARN_RANGE_LOOP_ANALYSIS = YES;
				CLANG_WARN_STRICT_PROTOTYPES = YES;
				CLANG_WARN_SUSPICIOUS_MOVE = YES;
				CLANG_WARN_UNGUARDED_AVAILABILITY = YES_AGGRESSIVE;
				CLANG_WARN_UNREACHABLE_CODE = YES;
				CLANG_WARN__DUPLICATE_METHOD_MATCH = YES;
				CODE_SIGN_IDENTITY = "iPhone Developer";
				COPY_PHASE_STRIP = NO;
				DEBUG_INFORMATION_FORMAT = "dwarf-with-dsym";
				ENABLE_NS_ASSERTIONS = NO;
				ENABLE_STRICT_OBJC_MSGSEND = YES;
				GCC_C_LANGUAGE_STANDARD = gnu11;
				GCC_NO_COMMON_BLOCKS = YES;
				GCC_WARN_64_TO_32_BIT_CONVERSION = YES;
				GCC_WARN_ABOUT_RETURN_TYPE = YES_ERROR;
				GCC_WARN_UNDECLARED_SELECTOR = YES;
				GCC_WARN_UNINITIALIZED_AUTOS = YES_AGGRESSIVE;
				GCC_WARN_UNUSED_FUNCTION = YES;
				GCC_WARN_UNUSED_VARIABLE = YES;
				IPHONEOS_DEPLOYMENT_TARGET = 11.4;
				MTL_ENABLE_DEBUG_INFO = NO;
				SDKROOT = iphoneos;
				SWIFT_COMPILATION_MODE = wholemodule;
				SWIFT_OPTIMIZATION_LEVEL = "-O";
				VALIDATE_PRODUCT = YES;
			};
			name = Release;
		};
		A304D1D820ED23A1002ACD9E /* Debug */ = {
			isa = XCBuildConfiguration;
			buildSettings = {
				ALWAYS_EMBED_SWIFT_STANDARD_LIBRARIES = YES;
				ASSETCATALOG_COMPILER_APPICON_NAME = AppIcon;
				CODE_SIGN_STYLE = Manual;
				DEVELOPMENT_TEAM = PXDF48X6VX;
				FRAMEWORK_SEARCH_PATHS = "$(inherited)";
				INFOPLIST_FILE = ACKImagePickerExample/Info.plist;
				LD_RUNPATH_SEARCH_PATHS = (
					"$(inherited)",
					"@executable_path/Frameworks",
				);
				PRODUCT_BUNDLE_IDENTIFIER = cz.ackee.enterprise.ACKImagePickerExample;
				PRODUCT_NAME = "$(TARGET_NAME)";
				PROVISIONING_PROFILE = "b986e132-a736-40dd-8464-8fffc12bd89d";
				PROVISIONING_PROFILE_SPECIFIER = "match Development cz.ackee.enterprise.*";
				SWIFT_VERSION = 4.2;
				TARGETED_DEVICE_FAMILY = "1,2";
			};
			name = Debug;
		};
		A304D1D920ED23A1002ACD9E /* Release */ = {
			isa = XCBuildConfiguration;
			buildSettings = {
				ALWAYS_EMBED_SWIFT_STANDARD_LIBRARIES = YES;
				ASSETCATALOG_COMPILER_APPICON_NAME = AppIcon;
				CODE_SIGN_STYLE = Manual;
				DEVELOPMENT_TEAM = "";
				FRAMEWORK_SEARCH_PATHS = "$(inherited)";
				INFOPLIST_FILE = ACKImagePickerExample/Info.plist;
				LD_RUNPATH_SEARCH_PATHS = (
					"$(inherited)",
					"@executable_path/Frameworks",
				);
				PRODUCT_BUNDLE_IDENTIFIER = cz.ackee.enterprise.ACKImagePickerExample;
				PRODUCT_NAME = "$(TARGET_NAME)";
				PROVISIONING_PROFILE_SPECIFIER = "";
				SWIFT_VERSION = 4.2;
				TARGETED_DEVICE_FAMILY = "1,2";
			};
			name = Release;
		};
		A381750720EE1D9E00611B03 /* Debug */ = {
			isa = XCBuildConfiguration;
			buildSettings = {
				CODE_SIGN_IDENTITY = "";
				CODE_SIGN_STYLE = Automatic;
				CURRENT_PROJECT_VERSION = 1;
				DEFINES_MODULE = YES;
				DEVELOPMENT_TEAM = "";
				DYLIB_COMPATIBILITY_VERSION = 1;
				DYLIB_CURRENT_VERSION = 1;
				DYLIB_INSTALL_NAME_BASE = "@rpath";
				INFOPLIST_FILE = ACKImagePicker/Info.plist;
				INSTALL_PATH = "$(LOCAL_LIBRARY_DIR)/Frameworks";
				LD_RUNPATH_SEARCH_PATHS = (
					"$(inherited)",
					"@executable_path/Frameworks",
					"@loader_path/Frameworks",
				);
				PRODUCT_BUNDLE_IDENTIFIER = cz.ackee.enterprise.ACKImagePicker;
				PRODUCT_NAME = "$(TARGET_NAME:c99extidentifier)";
				SKIP_INSTALL = YES;
				SWIFT_VERSION = 4.2;
				TARGETED_DEVICE_FAMILY = "1,2";
				VERSIONING_SYSTEM = "apple-generic";
				VERSION_INFO_PREFIX = "";
			};
			name = Debug;
		};
		A381750820EE1D9E00611B03 /* Release */ = {
			isa = XCBuildConfiguration;
			buildSettings = {
				CODE_SIGN_IDENTITY = "";
				CODE_SIGN_STYLE = Automatic;
				CURRENT_PROJECT_VERSION = 1;
				DEFINES_MODULE = YES;
				DEVELOPMENT_TEAM = "";
				DYLIB_COMPATIBILITY_VERSION = 1;
				DYLIB_CURRENT_VERSION = 1;
				DYLIB_INSTALL_NAME_BASE = "@rpath";
				INFOPLIST_FILE = ACKImagePicker/Info.plist;
				INSTALL_PATH = "$(LOCAL_LIBRARY_DIR)/Frameworks";
				LD_RUNPATH_SEARCH_PATHS = (
					"$(inherited)",
					"@executable_path/Frameworks",
					"@loader_path/Frameworks",
				);
				PRODUCT_BUNDLE_IDENTIFIER = cz.ackee.enterprise.ACKImagePicker;
				PRODUCT_NAME = "$(TARGET_NAME:c99extidentifier)";
				SKIP_INSTALL = YES;
				SWIFT_VERSION = 4.2;
				TARGETED_DEVICE_FAMILY = "1,2";
				VERSIONING_SYSTEM = "apple-generic";
				VERSION_INFO_PREFIX = "";
			};
			name = Release;
		};
/* End XCBuildConfiguration section */

/* Begin XCConfigurationList section */
		A304D1C020ED239C002ACD9E /* Build configuration list for PBXProject "ACKImagePicker" */ = {
			isa = XCConfigurationList;
			buildConfigurations = (
				A304D1D520ED23A1002ACD9E /* Debug */,
				A304D1D620ED23A1002ACD9E /* Release */,
			);
			defaultConfigurationIsVisible = 0;
			defaultConfigurationName = Release;
		};
		A304D1D720ED23A1002ACD9E /* Build configuration list for PBXNativeTarget "ACKImagePickerExample" */ = {
			isa = XCConfigurationList;
			buildConfigurations = (
				A304D1D820ED23A1002ACD9E /* Debug */,
				A304D1D920ED23A1002ACD9E /* Release */,
			);
			defaultConfigurationIsVisible = 0;
			defaultConfigurationName = Release;
		};
		A381750920EE1D9E00611B03 /* Build configuration list for PBXNativeTarget "ACKImagePicker" */ = {
			isa = XCConfigurationList;
			buildConfigurations = (
				A381750720EE1D9E00611B03 /* Debug */,
				A381750820EE1D9E00611B03 /* Release */,
			);
			defaultConfigurationIsVisible = 0;
			defaultConfigurationName = Release;
		};
/* End XCConfigurationList section */
	};
	rootObject = A304D1BD20ED239C002ACD9E /* Project object */;
}
