// !$*UTF8*$!
{
	archiveVersion = 1;
	classes = {
	};
	objectVersion = 50;
	objects = {

/* Begin PBXBuildFile section */
		A36C828024F96C240002E6B3 /* ProgressViewController.swift in Sources */ = {isa = PBXBuildFile; fileRef = A36C827F24F96C240002E6B3 /* ProgressViewController.swift */; };
		A37995D422B775AF0008AAE7 /* Formatters.swift in Sources */ = {isa = PBXBuildFile; fileRef = A38F733A22B3E697000A05FE /* Formatters.swift */; };
		A37995D522B775B20008AAE7 /* NSLayoutConstraintExtensions.swift in Sources */ = {isa = PBXBuildFile; fileRef = A34519D82297C6370019A777 /* NSLayoutConstraintExtensions.swift */; };
		A37995D622B775B60008AAE7 /* PHAssetExtensions.swift in Sources */ = {isa = PBXBuildFile; fileRef = A3228D9B229839F600C23159 /* PHAssetExtensions.swift */; };
		A37995D722B775B90008AAE7 /* PHCollectionListExtensions.swift in Sources */ = {isa = PBXBuildFile; fileRef = A3D918EF221888B60040F791 /* PHCollectionListExtensions.swift */; };
		A37995D822B775BD0008AAE7 /* Reusable.swift in Sources */ = {isa = PBXBuildFile; fileRef = A34519DA2297C65E0019A777 /* Reusable.swift */; };
		A37995D922B775C00008AAE7 /* UIViewExtensions.swift in Sources */ = {isa = PBXBuildFile; fileRef = A3D918EB221888B60040F791 /* UIViewExtensions.swift */; };
		A37995DA22B775C30008AAE7 /* ACKCollectionViewController.swift in Sources */ = {isa = PBXBuildFile; fileRef = A3D918EE221888B60040F791 /* ACKCollectionViewController.swift */; };
		A37995DB22B775C60008AAE7 /* ACKPhotosViewController.swift in Sources */ = {isa = PBXBuildFile; fileRef = A3D918EC221888B60040F791 /* ACKPhotosViewController.swift */; };
		A37995DC22B775C80008AAE7 /* ImagePickerViewController.swift in Sources */ = {isa = PBXBuildFile; fileRef = A3D918ED221888B60040F791 /* ImagePickerViewController.swift */; };
		A37995DD22B775CB0008AAE7 /* AssetCollectionViewCell.swift in Sources */ = {isa = PBXBuildFile; fileRef = A3D918F0221888B70040F791 /* AssetCollectionViewCell.swift */; };
		A37995DE22B775CE0008AAE7 /* CollectionTableViewCell.swift in Sources */ = {isa = PBXBuildFile; fileRef = A3CC9FFE2226DF2B000F3FBA /* CollectionTableViewCell.swift */; };
		A37995DF22B775D10008AAE7 /* SSCheckMark.swift in Sources */ = {isa = PBXBuildFile; fileRef = A3CC9FFC2226B0AE000F3FBA /* SSCheckMark.swift */; };
		A37995E022B775D30008AAE7 /* AlbumViewModel.swift in Sources */ = {isa = PBXBuildFile; fileRef = A35764182231112F002DBF99 /* AlbumViewModel.swift */; };
		A37995E122B775D60008AAE7 /* OrderedSet.swift in Sources */ = {isa = PBXBuildFile; fileRef = A30D6F1E221EA56100622E65 /* OrderedSet.swift */; };
		A37995E522B788980008AAE7 /* Localization.swift in Sources */ = {isa = PBXBuildFile; fileRef = A37995E422B788980008AAE7 /* Localization.swift */; };
		A37995E722B78DDE0008AAE7 /* Localizable.strings in Resources */ = {isa = PBXBuildFile; fileRef = A37995E922B78DDE0008AAE7 /* Localizable.strings */; };
		A37995EC22B7A2F10008AAE7 /* ACKImagePicker.swift in Sources */ = {isa = PBXBuildFile; fileRef = A37995EB22B7A2F10008AAE7 /* ACKImagePicker.swift */; };
		A379BA7024F948F300B51CF8 /* CircularProgressView.swift in Sources */ = {isa = PBXBuildFile; fileRef = A379BA6F24F948F300B51CF8 /* CircularProgressView.swift */; };
		A3B198ED23634EE700C2CBD1 /* Assets.xcassets in Resources */ = {isa = PBXBuildFile; fileRef = A3B198EC23634EE700C2CBD1 /* Assets.xcassets */; };
		A3D918D9221888320040F791 /* AppDelegate.swift in Sources */ = {isa = PBXBuildFile; fileRef = A3D918D8221888320040F791 /* AppDelegate.swift */; };
		A3D918E0221888340040F791 /* Assets.xcassets in Resources */ = {isa = PBXBuildFile; fileRef = A3D918DF221888340040F791 /* Assets.xcassets */; };
		A3D918E3221888340040F791 /* LaunchScreen.storyboard in Resources */ = {isa = PBXBuildFile; fileRef = A3D918E1221888340040F791 /* LaunchScreen.storyboard */; };
		A3D918F8221888B70040F791 /* ViewController.swift in Sources */ = {isa = PBXBuildFile; fileRef = A3D918F1221888B70040F791 /* ViewController.swift */; };
		A3E022BF254A9AC800842B01 /* ImageCell.swift in Sources */ = {isa = PBXBuildFile; fileRef = A3E022BE254A9AC800842B01 /* ImageCell.swift */; };
		A3EBCB5123686A1500FEA458 /* Assets.swift in Sources */ = {isa = PBXBuildFile; fileRef = A3EBCB5023686A1500FEA458 /* Assets.swift */; };
		A3FC20B122B77320005E60F9 /* ACKImagePicker.h in Headers */ = {isa = PBXBuildFile; fileRef = A3FC20AF22B77320005E60F9 /* ACKImagePicker.h */; settings = {ATTRIBUTES = (Public, ); }; };
		A3FC20B422B77320005E60F9 /* ACKImagePicker.framework in Frameworks */ = {isa = PBXBuildFile; fileRef = A3FC20AD22B77320005E60F9 /* ACKImagePicker.framework */; };
		A3FC20B522B77320005E60F9 /* ACKImagePicker.framework in Embed Frameworks */ = {isa = PBXBuildFile; fileRef = A3FC20AD22B77320005E60F9 /* ACKImagePicker.framework */; settings = {ATTRIBUTES = (CodeSignOnCopy, RemoveHeadersOnCopy, ); }; };
/* End PBXBuildFile section */

/* Begin PBXContainerItemProxy section */
		A3FC20B222B77320005E60F9 /* PBXContainerItemProxy */ = {
			isa = PBXContainerItemProxy;
			containerPortal = A3D918CD221888320040F791 /* Project object */;
			proxyType = 1;
			remoteGlobalIDString = A3FC20AC22B77320005E60F9;
			remoteInfo = ACKImagePicker;
		};
/* End PBXContainerItemProxy section */

/* Begin PBXCopyFilesBuildPhase section */
		A3FC20B922B77320005E60F9 /* Embed Frameworks */ = {
			isa = PBXCopyFilesBuildPhase;
			buildActionMask = 2147483647;
			dstPath = "";
			dstSubfolderSpec = 10;
			files = (
				A3FC20B522B77320005E60F9 /* ACKImagePicker.framework in Embed Frameworks */,
			);
			name = "Embed Frameworks";
			runOnlyForDeploymentPostprocessing = 0;
		};
/* End PBXCopyFilesBuildPhase section */

/* Begin PBXFileReference section */
		A30D6F1E221EA56100622E65 /* OrderedSet.swift */ = {isa = PBXFileReference; lastKnownFileType = sourcecode.swift; path = OrderedSet.swift; sourceTree = "<group>"; };
		A3228D9B229839F600C23159 /* PHAssetExtensions.swift */ = {isa = PBXFileReference; lastKnownFileType = sourcecode.swift; path = PHAssetExtensions.swift; sourceTree = "<group>"; };
		A34519D82297C6370019A777 /* NSLayoutConstraintExtensions.swift */ = {isa = PBXFileReference; lastKnownFileType = sourcecode.swift; path = NSLayoutConstraintExtensions.swift; sourceTree = "<group>"; };
		A34519DA2297C65E0019A777 /* Reusable.swift */ = {isa = PBXFileReference; lastKnownFileType = sourcecode.swift; path = Reusable.swift; sourceTree = "<group>"; };
		A34F52B523C3679500D3D88F /* de */ = {isa = PBXFileReference; lastKnownFileType = text.plist.strings; name = de; path = de.lproj/LaunchScreen.strings; sourceTree = "<group>"; };
		A34F52B623C3679500D3D88F /* de */ = {isa = PBXFileReference; lastKnownFileType = text.plist.strings; name = de; path = de.lproj/Localizable.strings; sourceTree = "<group>"; };
		A34F52B723C367A100D3D88F /* pl */ = {isa = PBXFileReference; lastKnownFileType = text.plist.strings; name = pl; path = pl.lproj/LaunchScreen.strings; sourceTree = "<group>"; };
		A34F52B823C367A100D3D88F /* pl */ = {isa = PBXFileReference; lastKnownFileType = text.plist.strings; name = pl; path = pl.lproj/Localizable.strings; sourceTree = "<group>"; };
		A34F52B923C369DC00D3D88F /* sk */ = {isa = PBXFileReference; lastKnownFileType = text.plist.strings; name = sk; path = sk.lproj/LaunchScreen.strings; sourceTree = "<group>"; };
		A34F52BA23C369DC00D3D88F /* sk */ = {isa = PBXFileReference; lastKnownFileType = text.plist.strings; name = sk; path = sk.lproj/Localizable.strings; sourceTree = "<group>"; };
		A35764182231112F002DBF99 /* AlbumViewModel.swift */ = {isa = PBXFileReference; lastKnownFileType = sourcecode.swift; path = AlbumViewModel.swift; sourceTree = "<group>"; };
		A36C827F24F96C240002E6B3 /* ProgressViewController.swift */ = {isa = PBXFileReference; lastKnownFileType = sourcecode.swift; path = ProgressViewController.swift; sourceTree = "<group>"; };
		A37995E422B788980008AAE7 /* Localization.swift */ = {isa = PBXFileReference; lastKnownFileType = sourcecode.swift; path = Localization.swift; sourceTree = "<group>"; };
		A37995E622B78DAB0008AAE7 /* cs */ = {isa = PBXFileReference; lastKnownFileType = text.plist.strings; name = cs; path = cs.lproj/LaunchScreen.strings; sourceTree = "<group>"; };
		A37995E822B78DDE0008AAE7 /* cs */ = {isa = PBXFileReference; lastKnownFileType = text.plist.strings; name = cs; path = cs.lproj/Localizable.strings; sourceTree = "<group>"; };
		A37995EA22B791C50008AAE7 /* en */ = {isa = PBXFileReference; lastKnownFileType = text.plist.strings; name = en; path = en.lproj/Localizable.strings; sourceTree = "<group>"; };
		A37995EB22B7A2F10008AAE7 /* ACKImagePicker.swift */ = {isa = PBXFileReference; lastKnownFileType = sourcecode.swift; path = ACKImagePicker.swift; sourceTree = "<group>"; };
		A379BA6F24F948F300B51CF8 /* CircularProgressView.swift */ = {isa = PBXFileReference; lastKnownFileType = sourcecode.swift; path = CircularProgressView.swift; sourceTree = "<group>"; };
		A38F733A22B3E697000A05FE /* Formatters.swift */ = {isa = PBXFileReference; lastKnownFileType = sourcecode.swift; path = Formatters.swift; sourceTree = "<group>"; };
		A3B198EC23634EE700C2CBD1 /* Assets.xcassets */ = {isa = PBXFileReference; lastKnownFileType = folder.assetcatalog; path = Assets.xcassets; sourceTree = "<group>"; };
		A3CC9FFC2226B0AE000F3FBA /* SSCheckMark.swift */ = {isa = PBXFileReference; lastKnownFileType = sourcecode.swift; path = SSCheckMark.swift; sourceTree = "<group>"; };
		A3CC9FFE2226DF2B000F3FBA /* CollectionTableViewCell.swift */ = {isa = PBXFileReference; lastKnownFileType = sourcecode.swift; path = CollectionTableViewCell.swift; sourceTree = "<group>"; };
		A3D918D5221888320040F791 /* ACKImagePickerExample.app */ = {isa = PBXFileReference; explicitFileType = wrapper.application; includeInIndex = 0; path = ACKImagePickerExample.app; sourceTree = BUILT_PRODUCTS_DIR; };
		A3D918D8221888320040F791 /* AppDelegate.swift */ = {isa = PBXFileReference; lastKnownFileType = sourcecode.swift; path = AppDelegate.swift; sourceTree = "<group>"; };
		A3D918DF221888340040F791 /* Assets.xcassets */ = {isa = PBXFileReference; lastKnownFileType = folder.assetcatalog; path = Assets.xcassets; sourceTree = "<group>"; };
		A3D918E2221888340040F791 /* Base */ = {isa = PBXFileReference; lastKnownFileType = file.storyboard; name = Base; path = Base.lproj/LaunchScreen.storyboard; sourceTree = "<group>"; };
		A3D918E4221888340040F791 /* Info.plist */ = {isa = PBXFileReference; lastKnownFileType = text.plist.xml; path = Info.plist; sourceTree = "<group>"; };
		A3D918EB221888B60040F791 /* UIViewExtensions.swift */ = {isa = PBXFileReference; fileEncoding = 4; lastKnownFileType = sourcecode.swift; path = UIViewExtensions.swift; sourceTree = "<group>"; };
		A3D918EC221888B60040F791 /* ACKPhotosViewController.swift */ = {isa = PBXFileReference; fileEncoding = 4; lastKnownFileType = sourcecode.swift; path = ACKPhotosViewController.swift; sourceTree = "<group>"; };
		A3D918ED221888B60040F791 /* ImagePickerViewController.swift */ = {isa = PBXFileReference; fileEncoding = 4; lastKnownFileType = sourcecode.swift; path = ImagePickerViewController.swift; sourceTree = "<group>"; };
		A3D918EE221888B60040F791 /* ACKCollectionViewController.swift */ = {isa = PBXFileReference; fileEncoding = 4; lastKnownFileType = sourcecode.swift; path = ACKCollectionViewController.swift; sourceTree = "<group>"; };
		A3D918EF221888B60040F791 /* PHCollectionListExtensions.swift */ = {isa = PBXFileReference; fileEncoding = 4; lastKnownFileType = sourcecode.swift; path = PHCollectionListExtensions.swift; sourceTree = "<group>"; };
		A3D918F0221888B70040F791 /* AssetCollectionViewCell.swift */ = {isa = PBXFileReference; fileEncoding = 4; lastKnownFileType = sourcecode.swift; path = AssetCollectionViewCell.swift; sourceTree = "<group>"; };
		A3D918F1221888B70040F791 /* ViewController.swift */ = {isa = PBXFileReference; fileEncoding = 4; lastKnownFileType = sourcecode.swift; path = ViewController.swift; sourceTree = "<group>"; };
		A3E022BE254A9AC800842B01 /* ImageCell.swift */ = {isa = PBXFileReference; lastKnownFileType = sourcecode.swift; path = ImageCell.swift; sourceTree = "<group>"; };
		A3EBCB5023686A1500FEA458 /* Assets.swift */ = {isa = PBXFileReference; lastKnownFileType = sourcecode.swift; path = Assets.swift; sourceTree = "<group>"; };
		A3FC20AD22B77320005E60F9 /* ACKImagePicker.framework */ = {isa = PBXFileReference; explicitFileType = wrapper.framework; includeInIndex = 0; path = ACKImagePicker.framework; sourceTree = BUILT_PRODUCTS_DIR; };
		A3FC20AF22B77320005E60F9 /* ACKImagePicker.h */ = {isa = PBXFileReference; lastKnownFileType = sourcecode.c.h; path = ACKImagePicker.h; sourceTree = "<group>"; };
		A3FC20B022B77320005E60F9 /* Info.plist */ = {isa = PBXFileReference; lastKnownFileType = text.plist.xml; path = Info.plist; sourceTree = "<group>"; };
/* End PBXFileReference section */

/* Begin PBXFrameworksBuildPhase section */
		A3D918D2221888320040F791 /* Frameworks */ = {
			isa = PBXFrameworksBuildPhase;
			buildActionMask = 2147483647;
			files = (
				A3FC20B422B77320005E60F9 /* ACKImagePicker.framework in Frameworks */,
			);
			runOnlyForDeploymentPostprocessing = 0;
		};
		A3FC20AA22B77320005E60F9 /* Frameworks */ = {
			isa = PBXFrameworksBuildPhase;
			buildActionMask = 2147483647;
			files = (
			);
			runOnlyForDeploymentPostprocessing = 0;
		};
/* End PBXFrameworksBuildPhase section */

/* Begin PBXGroup section */
		A34519D72297C6210019A777 /* Extensions */ = {
			isa = PBXGroup;
			children = (
				A34519D82297C6370019A777 /* NSLayoutConstraintExtensions.swift */,
				A3228D9B229839F600C23159 /* PHAssetExtensions.swift */,
				A3D918EF221888B60040F791 /* PHCollectionListExtensions.swift */,
				A34519DA2297C65E0019A777 /* Reusable.swift */,
				A3D918EB221888B60040F791 /* UIViewExtensions.swift */,
				A37995E422B788980008AAE7 /* Localization.swift */,
			);
			path = Extensions;
			sourceTree = "<group>";
		};
		A34519DC2297C7D30019A777 /* Cells */ = {
			isa = PBXGroup;
			children = (
				A3D918F0221888B70040F791 /* AssetCollectionViewCell.swift */,
				A3CC9FFE2226DF2B000F3FBA /* CollectionTableViewCell.swift */,
			);
			path = Cells;
			sourceTree = "<group>";
		};
		A34519DD2297C7E50019A777 /* ViewControllers */ = {
			isa = PBXGroup;
			children = (
				A36C827F24F96C240002E6B3 /* ProgressViewController.swift */,
				A3D918EE221888B60040F791 /* ACKCollectionViewController.swift */,
				A3D918EC221888B60040F791 /* ACKPhotosViewController.swift */,
				A3D918ED221888B60040F791 /* ImagePickerViewController.swift */,
				A37995EB22B7A2F10008AAE7 /* ACKImagePicker.swift */,
			);
			path = ViewControllers;
			sourceTree = "<group>";
		};
		A3D918CC221888320040F791 = {
			isa = PBXGroup;
			children = (
				A3FC20AE22B77320005E60F9 /* ACKImagePicker */,
				A3D918D7221888320040F791 /* ACKImagePickerExample */,
				A3D918D6221888320040F791 /* Products */,
			);
			sourceTree = "<group>";
		};
		A3D918D6221888320040F791 /* Products */ = {
			isa = PBXGroup;
			children = (
				A3D918D5221888320040F791 /* ACKImagePickerExample.app */,
				A3FC20AD22B77320005E60F9 /* ACKImagePicker.framework */,
			);
			name = Products;
			sourceTree = "<group>";
		};
		A3D918D7221888320040F791 /* ACKImagePickerExample */ = {
			isa = PBXGroup;
			children = (
				A3D918D8221888320040F791 /* AppDelegate.swift */,
				A3D918F1221888B70040F791 /* ViewController.swift */,
				A3E022BE254A9AC800842B01 /* ImageCell.swift */,
				A3D918EA221888620040F791 /* Supporting files */,
			);
			path = ACKImagePickerExample;
			sourceTree = "<group>";
		};
		A3D918EA221888620040F791 /* Supporting files */ = {
			isa = PBXGroup;
			children = (
				A3D918DF221888340040F791 /* Assets.xcassets */,
				A3D918E1221888340040F791 /* LaunchScreen.storyboard */,
				A3D918E4221888340040F791 /* Info.plist */,
			);
			path = "Supporting files";
			sourceTree = "<group>";
		};
		A3FC20AE22B77320005E60F9 /* ACKImagePicker */ = {
			isa = PBXGroup;
			children = (
				A38F733A22B3E697000A05FE /* Formatters.swift */,
				A34519D72297C6210019A777 /* Extensions */,
				A34519DD2297C7E50019A777 /* ViewControllers */,
				A34519DC2297C7D30019A777 /* Cells */,
				A3CC9FFC2226B0AE000F3FBA /* SSCheckMark.swift */,
				A379BA6F24F948F300B51CF8 /* CircularProgressView.swift */,
				A35764182231112F002DBF99 /* AlbumViewModel.swift */,
				A30D6F1E221EA56100622E65 /* OrderedSet.swift */,
				A3EBCB5023686A1500FEA458 /* Assets.swift */,
				A3FC20BA22B77331005E60F9 /* Supporting files */,
			);
			path = ACKImagePicker;
			sourceTree = "<group>";
		};
		A3FC20BA22B77331005E60F9 /* Supporting files */ = {
			isa = PBXGroup;
			children = (
				A3B198EC23634EE700C2CBD1 /* Assets.xcassets */,
				A37995E922B78DDE0008AAE7 /* Localizable.strings */,
				A3FC20AF22B77320005E60F9 /* ACKImagePicker.h */,
				A3FC20B022B77320005E60F9 /* Info.plist */,
			);
			path = "Supporting files";
			sourceTree = "<group>";
		};
/* End PBXGroup section */

/* Begin PBXHeadersBuildPhase section */
		A3FC20A822B77320005E60F9 /* Headers */ = {
			isa = PBXHeadersBuildPhase;
			buildActionMask = 2147483647;
			files = (
				A3FC20B122B77320005E60F9 /* ACKImagePicker.h in Headers */,
			);
			runOnlyForDeploymentPostprocessing = 0;
		};
/* End PBXHeadersBuildPhase section */

/* Begin PBXNativeTarget section */
		A3D918D4221888320040F791 /* ACKImagePickerExample */ = {
			isa = PBXNativeTarget;
			buildConfigurationList = A3D918E7221888340040F791 /* Build configuration list for PBXNativeTarget "ACKImagePickerExample" */;
			buildPhases = (
				A3D918D1221888320040F791 /* Sources */,
				A3D918D2221888320040F791 /* Frameworks */,
				A3D918D3221888320040F791 /* Resources */,
				A3FC20B922B77320005E60F9 /* Embed Frameworks */,
			);
			buildRules = (
			);
			dependencies = (
				A3FC20B322B77320005E60F9 /* PBXTargetDependency */,
			);
			name = ACKImagePickerExample;
			productName = ACKImagePicker;
			productReference = A3D918D5221888320040F791 /* ACKImagePickerExample.app */;
			productType = "com.apple.product-type.application";
		};
		A3FC20AC22B77320005E60F9 /* ACKImagePicker */ = {
			isa = PBXNativeTarget;
			buildConfigurationList = A3FC20B622B77320005E60F9 /* Build configuration list for PBXNativeTarget "ACKImagePicker" */;
			buildPhases = (
				A3FC20A822B77320005E60F9 /* Headers */,
				A3FC20A922B77320005E60F9 /* Sources */,
				A3FC20AA22B77320005E60F9 /* Frameworks */,
				A3FC20AB22B77320005E60F9 /* Resources */,
			);
			buildRules = (
			);
			dependencies = (
			);
			name = ACKImagePicker;
			productName = ACKImagePicker;
			productReference = A3FC20AD22B77320005E60F9 /* ACKImagePicker.framework */;
			productType = "com.apple.product-type.framework";
		};
/* End PBXNativeTarget section */

/* Begin PBXProject section */
		A3D918CD221888320040F791 /* Project object */ = {
			isa = PBXProject;
			attributes = {
				LastSwiftUpdateCheck = 1010;
				LastUpgradeCheck = 1150;
				ORGANIZATIONNAME = "Lukáš Hromadník";
				TargetAttributes = {
					A3D918D4221888320040F791 = {
						CreatedOnToolsVersion = 10.1;
						LastSwiftMigration = 1020;
					};
					A3FC20AC22B77320005E60F9 = {
						CreatedOnToolsVersion = 10.2.1;
					};
				};
			};
			buildConfigurationList = A3D918D0221888320040F791 /* Build configuration list for PBXProject "ACKImagePicker" */;
			compatibilityVersion = "Xcode 9.3";
			developmentRegion = en;
			hasScannedForEncodings = 0;
			knownRegions = (
				en,
				Base,
				cs,
				de,
				pl,
				sk,
			);
			mainGroup = A3D918CC221888320040F791;
			productRefGroup = A3D918D6221888320040F791 /* Products */;
			projectDirPath = "";
			projectRoot = "";
			targets = (
				A3D918D4221888320040F791 /* ACKImagePickerExample */,
				A3FC20AC22B77320005E60F9 /* ACKImagePicker */,
			);
		};
/* End PBXProject section */

/* Begin PBXResourcesBuildPhase section */
		A3D918D3221888320040F791 /* Resources */ = {
			isa = PBXResourcesBuildPhase;
			buildActionMask = 2147483647;
			files = (
				A3D918E3221888340040F791 /* LaunchScreen.storyboard in Resources */,
				A3D918E0221888340040F791 /* Assets.xcassets in Resources */,
			);
			runOnlyForDeploymentPostprocessing = 0;
		};
		A3FC20AB22B77320005E60F9 /* Resources */ = {
			isa = PBXResourcesBuildPhase;
			buildActionMask = 2147483647;
			files = (
				A3B198ED23634EE700C2CBD1 /* Assets.xcassets in Resources */,
				A37995E722B78DDE0008AAE7 /* Localizable.strings in Resources */,
			);
			runOnlyForDeploymentPostprocessing = 0;
		};
/* End PBXResourcesBuildPhase section */

/* Begin PBXSourcesBuildPhase section */
		A3D918D1221888320040F791 /* Sources */ = {
			isa = PBXSourcesBuildPhase;
			buildActionMask = 2147483647;
			files = (
				A3D918F8221888B70040F791 /* ViewController.swift in Sources */,
				A3D918D9221888320040F791 /* AppDelegate.swift in Sources */,
				A3E022BF254A9AC800842B01 /* ImageCell.swift in Sources */,
			);
			runOnlyForDeploymentPostprocessing = 0;
		};
		A3FC20A922B77320005E60F9 /* Sources */ = {
			isa = PBXSourcesBuildPhase;
			buildActionMask = 2147483647;
			files = (
				A37995DC22B775C80008AAE7 /* ImagePickerViewController.swift in Sources */,
				A37995D622B775B60008AAE7 /* PHAssetExtensions.swift in Sources */,
				A37995D422B775AF0008AAE7 /* Formatters.swift in Sources */,
				A37995D722B775B90008AAE7 /* PHCollectionListExtensions.swift in Sources */,
				A37995DB22B775C60008AAE7 /* ACKPhotosViewController.swift in Sources */,
				A37995DD22B775CB0008AAE7 /* AssetCollectionViewCell.swift in Sources */,
				A3EBCB5123686A1500FEA458 /* Assets.swift in Sources */,
				A37995DE22B775CE0008AAE7 /* CollectionTableViewCell.swift in Sources */,
				A37995D522B775B20008AAE7 /* NSLayoutConstraintExtensions.swift in Sources */,
				A37995E122B775D60008AAE7 /* OrderedSet.swift in Sources */,
				A37995E022B775D30008AAE7 /* AlbumViewModel.swift in Sources */,
				A37995DA22B775C30008AAE7 /* ACKCollectionViewController.swift in Sources */,
				A37995E522B788980008AAE7 /* Localization.swift in Sources */,
				A37995D922B775C00008AAE7 /* UIViewExtensions.swift in Sources */,
				A36C828024F96C240002E6B3 /* ProgressViewController.swift in Sources */,
				A37995D822B775BD0008AAE7 /* Reusable.swift in Sources */,
				A379BA7024F948F300B51CF8 /* CircularProgressView.swift in Sources */,
				A37995DF22B775D10008AAE7 /* SSCheckMark.swift in Sources */,
				A37995EC22B7A2F10008AAE7 /* ACKImagePicker.swift in Sources */,
			);
			runOnlyForDeploymentPostprocessing = 0;
		};
/* End PBXSourcesBuildPhase section */

/* Begin PBXTargetDependency section */
		A3FC20B322B77320005E60F9 /* PBXTargetDependency */ = {
			isa = PBXTargetDependency;
			target = A3FC20AC22B77320005E60F9 /* ACKImagePicker */;
			targetProxy = A3FC20B222B77320005E60F9 /* PBXContainerItemProxy */;
		};
/* End PBXTargetDependency section */

/* Begin PBXVariantGroup section */
		A37995E922B78DDE0008AAE7 /* Localizable.strings */ = {
			isa = PBXVariantGroup;
			children = (
				A37995E822B78DDE0008AAE7 /* cs */,
				A37995EA22B791C50008AAE7 /* en */,
				A34F52B623C3679500D3D88F /* de */,
				A34F52B823C367A100D3D88F /* pl */,
				A34F52BA23C369DC00D3D88F /* sk */,
			);
			name = Localizable.strings;
			sourceTree = "<group>";
		};
		A3D918E1221888340040F791 /* LaunchScreen.storyboard */ = {
			isa = PBXVariantGroup;
			children = (
				A3D918E2221888340040F791 /* Base */,
				A37995E622B78DAB0008AAE7 /* cs */,
				A34F52B523C3679500D3D88F /* de */,
				A34F52B723C367A100D3D88F /* pl */,
				A34F52B923C369DC00D3D88F /* sk */,
			);
			name = LaunchScreen.storyboard;
			sourceTree = "<group>";
		};
/* End PBXVariantGroup section */

/* Begin XCBuildConfiguration section */
		A3D918E5221888340040F791 /* Debug */ = {
			isa = XCBuildConfiguration;
			buildSettings = {
				ALWAYS_SEARCH_USER_PATHS = NO;
				CLANG_ANALYZER_LOCALIZABILITY_NONLOCALIZED = YES;
				CLANG_ANALYZER_NONNULL = YES;
				CLANG_ANALYZER_NUMBER_OBJECT_CONVERSION = YES_AGGRESSIVE;
				CLANG_CXX_LANGUAGE_STANDARD = "gnu++14";
				CLANG_CXX_LIBRARY = "libc++";
				CLANG_ENABLE_MODULES = YES;
				CLANG_ENABLE_OBJC_ARC = YES;
				CLANG_ENABLE_OBJC_WEAK = YES;
				CLANG_WARN_BLOCK_CAPTURE_AUTORELEASING = YES;
				CLANG_WARN_BOOL_CONVERSION = YES;
				CLANG_WARN_COMMA = YES;
				CLANG_WARN_CONSTANT_CONVERSION = YES;
				CLANG_WARN_DEPRECATED_OBJC_IMPLEMENTATIONS = YES;
				CLANG_WARN_DIRECT_OBJC_ISA_USAGE = YES_ERROR;
				CLANG_WARN_DOCUMENTATION_COMMENTS = YES;
				CLANG_WARN_EMPTY_BODY = YES;
				CLANG_WARN_ENUM_CONVERSION = YES;
				CLANG_WARN_INFINITE_RECURSION = YES;
				CLANG_WARN_INT_CONVERSION = YES;
				CLANG_WARN_NON_LITERAL_NULL_CONVERSION = YES;
				CLANG_WARN_OBJC_IMPLICIT_RETAIN_SELF = YES;
				CLANG_WARN_OBJC_LITERAL_CONVERSION = YES;
				CLANG_WARN_OBJC_ROOT_CLASS = YES_ERROR;
				CLANG_WARN_RANGE_LOOP_ANALYSIS = YES;
				CLANG_WARN_STRICT_PROTOTYPES = YES;
				CLANG_WARN_SUSPICIOUS_MOVE = YES;
				CLANG_WARN_UNGUARDED_AVAILABILITY = YES_AGGRESSIVE;
				CLANG_WARN_UNREACHABLE_CODE = YES;
				CLANG_WARN__DUPLICATE_METHOD_MATCH = YES;
				CODE_SIGN_IDENTITY = "iPhone Developer";
				COPY_PHASE_STRIP = NO;
				DEBUG_INFORMATION_FORMAT = dwarf;
				ENABLE_STRICT_OBJC_MSGSEND = YES;
				ENABLE_TESTABILITY = YES;
				GCC_C_LANGUAGE_STANDARD = gnu11;
				GCC_DYNAMIC_NO_PIC = NO;
				GCC_NO_COMMON_BLOCKS = YES;
				GCC_OPTIMIZATION_LEVEL = 0;
				GCC_PREPROCESSOR_DEFINITIONS = (
					"DEBUG=1",
					"$(inherited)",
				);
				GCC_WARN_64_TO_32_BIT_CONVERSION = YES;
				GCC_WARN_ABOUT_RETURN_TYPE = YES_ERROR;
				GCC_WARN_UNDECLARED_SELECTOR = YES;
				GCC_WARN_UNINITIALIZED_AUTOS = YES_AGGRESSIVE;
				GCC_WARN_UNUSED_FUNCTION = YES;
				GCC_WARN_UNUSED_VARIABLE = YES;
				IPHONEOS_DEPLOYMENT_TARGET = 9.0;
				MTL_ENABLE_DEBUG_INFO = INCLUDE_SOURCE;
				MTL_FAST_MATH = YES;
				ONLY_ACTIVE_ARCH = YES;
				SDKROOT = iphoneos;
				SWIFT_ACTIVE_COMPILATION_CONDITIONS = DEBUG;
				SWIFT_OPTIMIZATION_LEVEL = "-Onone";
			};
			name = Debug;
		};
		A3D918E6221888340040F791 /* Release */ = {
			isa = XCBuildConfiguration;
			buildSettings = {
				ALWAYS_SEARCH_USER_PATHS = NO;
				CLANG_ANALYZER_LOCALIZABILITY_NONLOCALIZED = YES;
				CLANG_ANALYZER_NONNULL = YES;
				CLANG_ANALYZER_NUMBER_OBJECT_CONVERSION = YES_AGGRESSIVE;
				CLANG_CXX_LANGUAGE_STANDARD = "gnu++14";
				CLANG_CXX_LIBRARY = "libc++";
				CLANG_ENABLE_MODULES = YES;
				CLANG_ENABLE_OBJC_ARC = YES;
				CLANG_ENABLE_OBJC_WEAK = YES;
				CLANG_WARN_BLOCK_CAPTURE_AUTORELEASING = YES;
				CLANG_WARN_BOOL_CONVERSION = YES;
				CLANG_WARN_COMMA = YES;
				CLANG_WARN_CONSTANT_CONVERSION = YES;
				CLANG_WARN_DEPRECATED_OBJC_IMPLEMENTATIONS = YES;
				CLANG_WARN_DIRECT_OBJC_ISA_USAGE = YES_ERROR;
				CLANG_WARN_DOCUMENTATION_COMMENTS = YES;
				CLANG_WARN_EMPTY_BODY = YES;
				CLANG_WARN_ENUM_CONVERSION = YES;
				CLANG_WARN_INFINITE_RECURSION = YES;
				CLANG_WARN_INT_CONVERSION = YES;
				CLANG_WARN_NON_LITERAL_NULL_CONVERSION = YES;
				CLANG_WARN_OBJC_IMPLICIT_RETAIN_SELF = YES;
				CLANG_WARN_OBJC_LITERAL_CONVERSION = YES;
				CLANG_WARN_OBJC_ROOT_CLASS = YES_ERROR;
				CLANG_WARN_RANGE_LOOP_ANALYSIS = YES;
				CLANG_WARN_STRICT_PROTOTYPES = YES;
				CLANG_WARN_SUSPICIOUS_MOVE = YES;
				CLANG_WARN_UNGUARDED_AVAILABILITY = YES_AGGRESSIVE;
				CLANG_WARN_UNREACHABLE_CODE = YES;
				CLANG_WARN__DUPLICATE_METHOD_MATCH = YES;
				CODE_SIGN_IDENTITY = "iPhone Developer";
				COPY_PHASE_STRIP = NO;
				DEBUG_INFORMATION_FORMAT = "dwarf-with-dsym";
				ENABLE_NS_ASSERTIONS = NO;
				ENABLE_STRICT_OBJC_MSGSEND = YES;
				GCC_C_LANGUAGE_STANDARD = gnu11;
				GCC_NO_COMMON_BLOCKS = YES;
				GCC_WARN_64_TO_32_BIT_CONVERSION = YES;
				GCC_WARN_ABOUT_RETURN_TYPE = YES_ERROR;
				GCC_WARN_UNDECLARED_SELECTOR = YES;
				GCC_WARN_UNINITIALIZED_AUTOS = YES_AGGRESSIVE;
				GCC_WARN_UNUSED_FUNCTION = YES;
				GCC_WARN_UNUSED_VARIABLE = YES;
				IPHONEOS_DEPLOYMENT_TARGET = 9.0;
				MTL_ENABLE_DEBUG_INFO = NO;
				MTL_FAST_MATH = YES;
				SDKROOT = iphoneos;
				SWIFT_COMPILATION_MODE = wholemodule;
				SWIFT_OPTIMIZATION_LEVEL = "-O";
				VALIDATE_PRODUCT = YES;
			};
			name = Release;
		};
		A3D918E8221888340040F791 /* Debug */ = {
			isa = XCBuildConfiguration;
			buildSettings = {
				ALWAYS_EMBED_SWIFT_STANDARD_LIBRARIES = YES;
				ASSETCATALOG_COMPILER_APPICON_NAME = AppIcon;
				CODE_SIGN_IDENTITY = "iPhone Developer";
				CODE_SIGN_STYLE = Manual;
				DEVELOPMENT_TEAM = PXDF48X6VX;
				INFOPLIST_FILE = "ACKImagePickerExample/Supporting files/Info.plist";
				IPHONEOS_DEPLOYMENT_TARGET = 9.0;
				LD_RUNPATH_SEARCH_PATHS = (
					"$(inherited)",
					"@executable_path/Frameworks",
				);
				PRODUCT_BUNDLE_IDENTIFIER = cz.ackee.enterprise.ACKImagePickerExample;
				PRODUCT_NAME = "$(TARGET_NAME)";
				PROVISIONING_PROFILE_SPECIFIER = "match Development cz.ackee.enterprise.*";
				SWIFT_VERSION = 5.0;
				TARGETED_DEVICE_FAMILY = "1,2";
			};
			name = Debug;
		};
		A3D918E9221888340040F791 /* Release */ = {
			isa = XCBuildConfiguration;
			buildSettings = {
				ALWAYS_EMBED_SWIFT_STANDARD_LIBRARIES = YES;
				ASSETCATALOG_COMPILER_APPICON_NAME = AppIcon;
				CODE_SIGN_IDENTITY = "iPhone Developer";
				CODE_SIGN_STYLE = Manual;
				DEVELOPMENT_TEAM = "";
				INFOPLIST_FILE = "ACKImagePickerExample/Supporting files/Info.plist";
				IPHONEOS_DEPLOYMENT_TARGET = 9.0;
				LD_RUNPATH_SEARCH_PATHS = (
					"$(inherited)",
					"@executable_path/Frameworks",
				);
				PRODUCT_BUNDLE_IDENTIFIER = cz.ackee.enterprise.ACKImagePickerExample;
				PRODUCT_NAME = "$(TARGET_NAME)";
				PROVISIONING_PROFILE_SPECIFIER = "";
				SWIFT_VERSION = 5.0;
				TARGETED_DEVICE_FAMILY = "1,2";
			};
			name = Release;
		};
		A3FC20B722B77320005E60F9 /* Debug */ = {
			isa = XCBuildConfiguration;
			buildSettings = {
				APPLICATION_EXTENSION_API_ONLY = YES;
				CODE_SIGN_IDENTITY = "";
				CODE_SIGN_STYLE = Automatic;
				CURRENT_PROJECT_VERSION = 1;
				DEFINES_MODULE = YES;
				DEVELOPMENT_TEAM = PXDF48X6VX;
				DYLIB_COMPATIBILITY_VERSION = 1;
				DYLIB_CURRENT_VERSION = 1;
				DYLIB_INSTALL_NAME_BASE = "@rpath";
				INFOPLIST_FILE = "ACKImagePicker/Supporting files/Info.plist";
				INSTALL_PATH = "$(LOCAL_LIBRARY_DIR)/Frameworks";
				IPHONEOS_DEPLOYMENT_TARGET = 9.0;
				LD_RUNPATH_SEARCH_PATHS = (
					"$(inherited)",
					"@executable_path/Frameworks",
					"@loader_path/Frameworks",
				);
				PRODUCT_BUNDLE_IDENTIFIER = cz.ackee.enterprise.ACKImagePicker;
				PRODUCT_NAME = "$(TARGET_NAME:c99extidentifier)";
				SKIP_INSTALL = YES;
				SWIFT_VERSION = 5.0;
				TARGETED_DEVICE_FAMILY = "1,2";
				VERSIONING_SYSTEM = "apple-generic";
				VERSION_INFO_PREFIX = "";
			};
			name = Debug;
		};
		A3FC20B822B77320005E60F9 /* Release */ = {
			isa = XCBuildConfiguration;
			buildSettings = {
				APPLICATION_EXTENSION_API_ONLY = YES;
				CODE_SIGN_IDENTITY = "";
				CODE_SIGN_STYLE = Automatic;
				CURRENT_PROJECT_VERSION = 1;
				DEFINES_MODULE = YES;
				DEVELOPMENT_TEAM = "";
				DYLIB_COMPATIBILITY_VERSION = 1;
				DYLIB_CURRENT_VERSION = 1;
				DYLIB_INSTALL_NAME_BASE = "@rpath";
				INFOPLIST_FILE = "ACKImagePicker/Supporting files/Info.plist";
				INSTALL_PATH = "$(LOCAL_LIBRARY_DIR)/Frameworks";
				IPHONEOS_DEPLOYMENT_TARGET = 9.0;
				LD_RUNPATH_SEARCH_PATHS = (
					"$(inherited)",
					"@executable_path/Frameworks",
					"@loader_path/Frameworks",
				);
				PRODUCT_BUNDLE_IDENTIFIER = cz.ackee.enterprise.ACKImagePicker;
				PRODUCT_NAME = "$(TARGET_NAME:c99extidentifier)";
				SKIP_INSTALL = YES;
				SWIFT_VERSION = 5.0;
				TARGETED_DEVICE_FAMILY = "1,2";
				VERSIONING_SYSTEM = "apple-generic";
				VERSION_INFO_PREFIX = "";
			};
			name = Release;
		};
/* End XCBuildConfiguration section */

/* Begin XCConfigurationList section */
		A3D918D0221888320040F791 /* Build configuration list for PBXProject "ACKImagePicker" */ = {
			isa = XCConfigurationList;
			buildConfigurations = (
				A3D918E5221888340040F791 /* Debug */,
				A3D918E6221888340040F791 /* Release */,
			);
			defaultConfigurationIsVisible = 0;
			defaultConfigurationName = Release;
		};
		A3D918E7221888340040F791 /* Build configuration list for PBXNativeTarget "ACKImagePickerExample" */ = {
			isa = XCConfigurationList;
			buildConfigurations = (
				A3D918E8221888340040F791 /* Debug */,
				A3D918E9221888340040F791 /* Release */,
			);
			defaultConfigurationIsVisible = 0;
			defaultConfigurationName = Release;
		};
		A3FC20B622B77320005E60F9 /* Build configuration list for PBXNativeTarget "ACKImagePicker" */ = {
			isa = XCConfigurationList;
			buildConfigurations = (
				A3FC20B722B77320005E60F9 /* Debug */,
				A3FC20B822B77320005E60F9 /* Release */,
			);
			defaultConfigurationIsVisible = 0;
			defaultConfigurationName = Release;
		};
/* End XCConfigurationList section */
	};
	rootObject = A3D918CD221888320040F791 /* Project object */;
}
